
Microsoft Visual Studio Solution File, Format Version 12.00
# Visual Studio 15
VisualStudioVersion = 15.0.28010.2026
MinimumVisualStudioVersion = 10.0.40219.1
Project("{FAE04EC0-301F-11D3-BF4B-00C04F79EFBC}") = "CloudApi", "CloudApi\CloudApi.csproj", "{09F3B941-8353-4138-B6D0-B650FF39E37B}"
EndProject
Project("{2150E333-8FDC-42A3-9474-1A3956D46DE8}") = "Common", "Common", "{FFAE136E-3337-46FF-BA8F-F29A86177E87}"
EndProject
Project("{2150E333-8FDC-42A3-9474-1A3956D46DE8}") = "Data", "Data", "{E17B9F84-603E-4605-A9B3-C484711B5BFC}"
EndProject
Project("{FAE04EC0-301F-11D3-BF4B-00C04F79EFBC}") = "Hsf.Bussiness.Interface", "Hsf.Bussiness.Interface\Hsf.Bussiness.Interface.csproj", "{DF36370F-0D06-49F6-A3C4-5E96540FEB1D}"
EndProject
Project("{FAE04EC0-301F-11D3-BF4B-00C04F79EFBC}") = "Hsf.Bussiness.Service", "Hsf.Bussiness.Service\Hsf.Bussiness.Service.csproj", "{D3ADE855-EA9F-4AF2-8019-A32365A8012E}"
EndProject
Project("{FAE04EC0-301F-11D3-BF4B-00C04F79EFBC}") = "Hsf.EF.Model", "Hsf.EF.Model\Hsf.EF.Model.csproj", "{71D72186-5983-4A9C-98EC-40E2C9A0F601}"
EndProject
Project("{FAE04EC0-301F-11D3-BF4B-00C04F79EFBC}") = "Hsf.Redis", "Hsf.Redis\Hsf.Redis.csproj", "{18C95D98-836E-4242-9E68-B60D81932A2A}"
EndProject
Project("{FAE04EC0-301F-11D3-BF4B-00C04F79EFBC}") = "Hsf.Framework", "Hsf.Framework\Hsf.Framework.csproj", "{7826F498-2199-4A27-A7EB-EE8AB320F7BF}"
EndProject
Project("{FAE04EC0-301F-11D3-BF4B-00C04F79EFBC}") = "Hsf.Web.Core", "Hsf.Web.Core\Hsf.Web.Core.csproj", "{03896DB5-644E-450A-B1EF-F41EE6C199BE}"
EndProject
Project("{2150E333-8FDC-42A3-9474-1A3956D46DE8}") = "Client", "Client", "{A9D78130-9484-4AAD-9235-38544AF72EB9}"
EndProject
Project("{FAE04EC0-301F-11D3-BF4B-00C04F79EFBC}") = "Hsf.EF.NewIotData", "Hsf.EF.NewIotData\Hsf.EF.NewIotData.csproj", "{D6AE5487-3E1C-46E3-B9FA-B1904BB2B4A5}"
EndProject
Project("{FAE04EC0-301F-11D3-BF4B-00C04F79EFBC}") = "Hsf.Helper", "Hsf.Helper\Hsf.Helper.csproj", "{4B22DD9C-4E86-4E64-907A-D5F12B1A962D}"
EndProject
Global
	GlobalSection(SolutionConfigurationPlatforms) = preSolution
		Debug|Any CPU = Debug|Any CPU
		Release|Any CPU = Release|Any CPU
	EndGlobalSection
	GlobalSection(ProjectConfigurationPlatforms) = postSolution
		{09F3B941-8353-4138-B6D0-B650FF39E37B}.Debug|Any CPU.ActiveCfg = Debug|Any CPU
		{09F3B941-8353-4138-B6D0-B650FF39E37B}.Debug|Any CPU.Build.0 = Debug|Any CPU
		{09F3B941-8353-4138-B6D0-B650FF39E37B}.Release|Any CPU.ActiveCfg = Release|Any CPU
		{09F3B941-8353-4138-B6D0-B650FF39E37B}.Release|Any CPU.Build.0 = Release|Any CPU
		{DF36370F-0D06-49F6-A3C4-5E96540FEB1D}.Debug|Any CPU.ActiveCfg = Debug|Any CPU
		{DF36370F-0D06-49F6-A3C4-5E96540FEB1D}.Debug|Any CPU.Build.0 = Debug|Any CPU
		{DF36370F-0D06-49F6-A3C4-5E96540FEB1D}.Release|Any CPU.ActiveCfg = Release|Any CPU
		{DF36370F-0D06-49F6-A3C4-5E96540FEB1D}.Release|Any CPU.Build.0 = Release|Any CPU
		{D3ADE855-EA9F-4AF2-8019-A32365A8012E}.Debug|Any CPU.ActiveCfg = Debug|Any CPU
		{D3ADE855-EA9F-4AF2-8019-A32365A8012E}.Debug|Any CPU.Build.0 = Debug|Any CPU
		{D3ADE855-EA9F-4AF2-8019-A32365A8012E}.Release|Any CPU.ActiveCfg = Release|Any CPU
		{D3ADE855-EA9F-4AF2-8019-A32365A8012E}.Release|Any CPU.Build.0 = Release|Any CPU
		{71D72186-5983-4A9C-98EC-40E2C9A0F601}.Debug|Any CPU.ActiveCfg = Debug|Any CPU
		{71D72186-5983-4A9C-98EC-40E2C9A0F601}.Debug|Any CPU.Build.0 = Debug|Any CPU
		{71D72186-5983-4A9C-98EC-40E2C9A0F601}.Release|Any CPU.ActiveCfg = Release|Any CPU
		{71D72186-5983-4A9C-98EC-40E2C9A0F601}.Release|Any CPU.Build.0 = Release|Any CPU
		{18C95D98-836E-4242-9E68-B60D81932A2A}.Debug|Any CPU.ActiveCfg = Debug|Any CPU
		{18C95D98-836E-4242-9E68-B60D81932A2A}.Debug|Any CPU.Build.0 = Debug|Any CPU
		{18C95D98-836E-4242-9E68-B60D81932A2A}.Release|Any CPU.ActiveCfg = Release|Any CPU
		{18C95D98-836E-4242-9E68-B60D81932A2A}.Release|Any CPU.Build.0 = Release|Any CPU
		{7826F498-2199-4A27-A7EB-EE8AB320F7BF}.Debug|Any CPU.ActiveCfg = Debug|Any CPU
		{7826F498-2199-4A27-A7EB-EE8AB320F7BF}.Debug|Any CPU.Build.0 = Debug|Any CPU
		{7826F498-2199-4A27-A7EB-EE8AB320F7BF}.Release|Any CPU.ActiveCfg = Release|Any CPU
		{7826F498-2199-4A27-A7EB-EE8AB320F7BF}.Release|Any CPU.Build.0 = Release|Any CPU
		{03896DB5-644E-450A-B1EF-F41EE6C199BE}.Debug|Any CPU.ActiveCfg = Debug|Any CPU
		{03896DB5-644E-450A-B1EF-F41EE6C199BE}.Debug|Any CPU.Build.0 = Debug|Any CPU
		{03896DB5-644E-450A-B1EF-F41EE6C199BE}.Release|Any CPU.ActiveCfg = Release|Any CPU
		{03896DB5-644E-450A-B1EF-F41EE6C199BE}.Release|Any CPU.Build.0 = Release|Any CPU
		{D6AE5487-3E1C-46E3-B9FA-B1904BB2B4A5}.Debug|Any CPU.ActiveCfg = Debug|Any CPU
		{D6AE5487-3E1C-46E3-B9FA-B1904BB2B4A5}.Debug|Any CPU.Build.0 = Debug|Any CPU
		{D6AE5487-3E1C-46E3-B9FA-B1904BB2B4A5}.Release|Any CPU.ActiveCfg = Release|Any CPU
		{D6AE5487-3E1C-46E3-B9FA-B1904BB2B4A5}.Release|Any CPU.Build.0 = Release|Any CPU
		{4B22DD9C-4E86-4E64-907A-D5F12B1A962D}.Debug|Any CPU.ActiveCfg = Debug|Any CPU
		{4B22DD9C-4E86-4E64-907A-D5F12B1A962D}.Debug|Any CPU.Build.0 = Debug|Any CPU
		{4B22DD9C-4E86-4E64-907A-D5F12B1A962D}.Release|Any CPU.ActiveCfg = Release|Any CPU
		{4B22DD9C-4E86-4E64-907A-D5F12B1A962D}.Release|Any CPU.Build.0 = Release|Any CPU
	EndGlobalSection
	GlobalSection(SolutionProperties) = preSolution
		HideSolutionNode = FALSE
	EndGlobalSection
	GlobalSection(NestedProjects) = preSolution
		{09F3B941-8353-4138-B6D0-B650FF39E37B} = {A9D78130-9484-4AAD-9235-38544AF72EB9}
		{DF36370F-0D06-49F6-A3C4-5E96540FEB1D} = {E17B9F84-603E-4605-A9B3-C484711B5BFC}
		{D3ADE855-EA9F-4AF2-8019-A32365A8012E} = {E17B9F84-603E-4605-A9B3-C484711B5BFC}
		{71D72186-5983-4A9C-98EC-40E2C9A0F601} = {E17B9F84-603E-4605-A9B3-C484711B5BFC}
		{18C95D98-836E-4242-9E68-B60D81932A2A} = {FFAE136E-3337-46FF-BA8F-F29A86177E87}
		{7826F498-2199-4A27-A7EB-EE8AB320F7BF} = {FFAE136E-3337-46FF-BA8F-F29A86177E87}
		{03896DB5-644E-450A-B1EF-F41EE6C199BE} = {FFAE136E-3337-46FF-BA8F-F29A86177E87}
		{D6AE5487-3E1C-46E3-B9FA-B1904BB2B4A5} = {E17B9F84-603E-4605-A9B3-C484711B5BFC}
		{4B22DD9C-4E86-4E64-907A-D5F12B1A962D} = {FFAE136E-3337-46FF-BA8F-F29A86177E87}
	EndGlobalSection
	GlobalSection(ExtensibilityGlobals) = postSolution
		SolutionGuid = {3E0DB959-7BCB-409F-87CF-1E9DB379C309}
	EndGlobalSection
EndGlobal
